
Microsoft Visual Studio Solution File, Format Version 12.00
# Visual Studio 15
VisualStudioVersion = 15.0.26124.0
MinimumVisualStudioVersion = 15.0.26124.0
Project("{FAE04EC0-301F-11D3-BF4B-00C04F79EFBC}") = "Domain", "Domain\Domain.csproj", "{5CE38718-BB3F-4B5C-9335-5B616CAF081F}"
EndProject
Project("{FAE04EC0-301F-11D3-BF4B-00C04F79EFBC}") = "Application", "Application\Application.csproj", "{1CDDBAB2-8BEA-4A11-A0E3-717D5D89034D}"
EndProject
Project("{FAE04EC0-301F-11D3-BF4B-00C04F79EFBC}") = "Persistence", "Persistence\Persistence.csproj", "{D5DDF6D7-4F4A-4A03-9897-45798249A42F}"
EndProject
Project("{FAE04EC0-301F-11D3-BF4B-00C04F79EFBC}") = "API", "API\API.csproj", "{97C2523E-A8AB-43CB-93F7-0A524B43EF97}"
EndProject
Global
	GlobalSection(SolutionConfigurationPlatforms) = preSolution
		Debug|Any CPU = Debug|Any CPU
		Debug|x64 = Debug|x64
		Debug|x86 = Debug|x86
		Release|Any CPU = Release|Any CPU
		Release|x64 = Release|x64
		Release|x86 = Release|x86
	EndGlobalSection
	GlobalSection(SolutionProperties) = preSolution
		HideSolutionNode = FALSE
	EndGlobalSection
	GlobalSection(ProjectConfigurationPlatforms) = postSolution
		{5CE38718-BB3F-4B5C-9335-5B616CAF081F}.Debug|Any CPU.ActiveCfg = Debug|Any CPU
		{5CE38718-BB3F-4B5C-9335-5B616CAF081F}.Debug|Any CPU.Build.0 = Debug|Any CPU
		{5CE38718-BB3F-4B5C-9335-5B616CAF081F}.Debug|x64.ActiveCfg = Debug|Any CPU
		{5CE38718-BB3F-4B5C-9335-5B616CAF081F}.Debug|x64.Build.0 = Debug|Any CPU
		{5CE38718-BB3F-4B5C-9335-5B616CAF081F}.Debug|x86.ActiveCfg = Debug|Any CPU
		{5CE38718-BB3F-4B5C-9335-5B616CAF081F}.Debug|x86.Build.0 = Debug|Any CPU
		{5CE38718-BB3F-4B5C-9335-5B616CAF081F}.Release|Any CPU.ActiveCfg = Release|Any CPU
		{5CE38718-BB3F-4B5C-9335-5B616CAF081F}.Release|Any CPU.Build.0 = Release|Any CPU
		{5CE38718-BB3F-4B5C-9335-5B616CAF081F}.Release|x64.ActiveCfg = Release|Any CPU
		{5CE38718-BB3F-4B5C-9335-5B616CAF081F}.Release|x64.Build.0 = Release|Any CPU
		{5CE38718-BB3F-4B5C-9335-5B616CAF081F}.Release|x86.ActiveCfg = Release|Any CPU
		{5CE38718-BB3F-4B5C-9335-5B616CAF081F}.Release|x86.Build.0 = Release|Any CPU
		{1CDDBAB2-8BEA-4A11-A0E3-717D5D89034D}.Debug|Any CPU.ActiveCfg = Debug|Any CPU
		{1CDDBAB2-8BEA-4A11-A0E3-717D5D89034D}.Debug|Any CPU.Build.0 = Debug|Any CPU
		{1CDDBAB2-8BEA-4A11-A0E3-717D5D89034D}.Debug|x64.ActiveCfg = Debug|Any CPU
		{1CDDBAB2-8BEA-4A11-A0E3-717D5D89034D}.Debug|x64.Build.0 = Debug|Any CPU
		{1CDDBAB2-8BEA-4A11-A0E3-717D5D89034D}.Debug|x86.ActiveCfg = Debug|Any CPU
		{1CDDBAB2-8BEA-4A11-A0E3-717D5D89034D}.Debug|x86.Build.0 = Debug|Any CPU
		{1CDDBAB2-8BEA-4A11-A0E3-717D5D89034D}.Release|Any CPU.ActiveCfg = Release|Any CPU
		{1CDDBAB2-8BEA-4A11-A0E3-717D5D89034D}.Release|Any CPU.Build.0 = Release|Any CPU
		{1CDDBAB2-8BEA-4A11-A0E3-717D5D89034D}.Release|x64.ActiveCfg = Release|Any CPU
		{1CDDBAB2-8BEA-4A11-A0E3-717D5D89034D}.Release|x64.Build.0 = Release|Any CPU
		{1CDDBAB2-8BEA-4A11-A0E3-717D5D89034D}.Release|x86.ActiveCfg = Release|Any CPU
		{1CDDBAB2-8BEA-4A11-A0E3-717D5D89034D}.Release|x86.Build.0 = Release|Any CPU
		{D5DDF6D7-4F4A-4A03-9897-45798249A42F}.Debug|Any CPU.ActiveCfg = Debug|Any CPU
		{D5DDF6D7-4F4A-4A03-9897-45798249A42F}.Debug|Any CPU.Build.0 = Debug|Any CPU
		{D5DDF6D7-4F4A-4A03-9897-45798249A42F}.Debug|x64.ActiveCfg = Debug|Any CPU
		{D5DDF6D7-4F4A-4A03-9897-45798249A42F}.Debug|x64.Build.0 = Debug|Any CPU
		{D5DDF6D7-4F4A-4A03-9897-45798249A42F}.Debug|x86.ActiveCfg = Debug|Any CPU
		{D5DDF6D7-4F4A-4A03-9897-45798249A42F}.Debug|x86.Build.0 = Debug|Any CPU
		{D5DDF6D7-4F4A-4A03-9897-45798249A42F}.Release|Any CPU.ActiveCfg = Release|Any CPU
		{D5DDF6D7-4F4A-4A03-9897-45798249A42F}.Release|Any CPU.Build.0 = Release|Any CPU
		{D5DDF6D7-4F4A-4A03-9897-45798249A42F}.Release|x64.ActiveCfg = Release|Any CPU
		{D5DDF6D7-4F4A-4A03-9897-45798249A42F}.Release|x64.Build.0 = Release|Any CPU
		{D5DDF6D7-4F4A-4A03-9897-45798249A42F}.Release|x86.ActiveCfg = Release|Any CPU
		{D5DDF6D7-4F4A-4A03-9897-45798249A42F}.Release|x86.Build.0 = Release|Any CPU
		{97C2523E-A8AB-43CB-93F7-0A524B43EF97}.Debug|Any CPU.ActiveCfg = Debug|Any CPU
		{97C2523E-A8AB-43CB-93F7-0A524B43EF97}.Debug|Any CPU.Build.0 = Debug|Any CPU
		{97C2523E-A8AB-43CB-93F7-0A524B43EF97}.Debug|x64.ActiveCfg = Debug|Any CPU
		{97C2523E-A8AB-43CB-93F7-0A524B43EF97}.Debug|x64.Build.0 = Debug|Any CPU
		{97C2523E-A8AB-43CB-93F7-0A524B43EF97}.Debug|x86.ActiveCfg = Debug|Any CPU
		{97C2523E-A8AB-43CB-93F7-0A524B43EF97}.Debug|x86.Build.0 = Debug|Any CPU
		{97C2523E-A8AB-43CB-93F7-0A524B43EF97}.Release|Any CPU.ActiveCfg = Release|Any CPU
		{97C2523E-A8AB-43CB-93F7-0A524B43EF97}.Release|Any CPU.Build.0 = Release|Any CPU
		{97C2523E-A8AB-43CB-93F7-0A524B43EF97}.Release|x64.ActiveCfg = Release|Any CPU
		{97C2523E-A8AB-43CB-93F7-0A524B43EF97}.Release|x64.Build.0 = Release|Any CPU
		{97C2523E-A8AB-43CB-93F7-0A524B43EF97}.Release|x86.ActiveCfg = Release|Any CPU
		{97C2523E-A8AB-43CB-93F7-0A524B43EF97}.Release|x86.Build.0 = Release|Any CPU
	EndGlobalSection
EndGlobal
